{
    "_meta": {
        "hash": {
            "sha256": "bd23722f3693cdffc29d072c18300a2f5f65ec523d3fcafa039600c47ee80c46"
        },
        "pipfile-spec": 6,
        "requires": {
            "python_version": "3.9"
        },
        "sources": [
            {
                "name": "pypi",
                "url": "https://pypi.org/simple",
                "verify_ssl": true
            }
        ]
    },
    "default": {
        "crc8": {
            "hashes": [
                "sha256:70d8905af9a3813cdf0852346e6026180d14e06f870d816c5cd41b78da7114af"
            ],
            "index": "pypi",
            "version": "==0.1.0"
        },
        "micropygps": {
            "editable": true,
            "git": "https://github.com/inmcm/micropyGPS.git",
            "ref": "95b739381c8feb7c6b91b46db42646074c52a609"
        },
        "pycrypto": {
            "hashes": [
                "sha256:f2ce1e989b272cfcb677616763e0a2e7ec659effa67a88aa92b3a65528f60a3c"
            ],
            "index": "pypi",
            "version": "==2.6.1"
        },
        "pylora": {
            "hashes": [
                "sha256:5e188e4ae4a53ce7cc5325bf8864ccadf63b4c8ce3c4800115877d46ef269c5b",
                "sha256:905f648f21f40d8691a6520dbdbc04755a78db906046e8fc4e49d03a62561a8d"
            ],
            "index": "pypi",
            "version": "==0.3.1"
        },
        "rpi.gpio": {
            "hashes": [
                "sha256:7424bc6c205466764f30f666c18187a0824077daf20b295c42f08aea2cb87d3f"
            ],
            "index": "pypi",
            "version": "==0.7.0"
        },
        "simplekml": {
            "editable": true,
            "git": "https://github.com/eisoldt/simplekml.git",
            "ref": "3ef690048ffc7370a57d4a30e2d261bdb2cd974a"
        },
        "spidev": {
            "hashes": [
                "sha256:8a7f5c289f161ea2ac4697fa8a10918232c990678dd0053084b3c43b1363910d"
            ],
            "index": "pypi",
            "version": "==3.5"
        }
    },
    "develop": {}
}
